
Microsoft Visual Studio Solution File, Format Version 12.00
# Visual Studio Version 16
VisualStudioVersion = 16.0.30611.23
MinimumVisualStudioVersion = 10.0.40219.1
Project("{FAE04EC0-301F-11D3-BF4B-00C04F79EFBC}") = "Bank", "Bank\Bank.csproj", "{8847590C-E9A8-4CF4-A298-C33593114492}"
EndProject
Project("{FAE04EC0-301F-11D3-BF4B-00C04F79EFBC}") = "BankTests", "BankTests\BankTests.csproj", "{26F0D47E-E63B-416E-882C-607FB1066BC0}"
EndProject
Global
	GlobalSection(SolutionConfigurationPlatforms) = preSolution
		Debug|Any CPU = Debug|Any CPU
		Release|Any CPU = Release|Any CPU
	EndGlobalSection
	GlobalSection(ProjectConfigurationPlatforms) = postSolution
		{8847590C-E9A8-4CF4-A298-C33593114492}.Debug|Any CPU.ActiveCfg = Debug|Any CPU
		{8847590C-E9A8-4CF4-A298-C33593114492}.Debug|Any CPU.Build.0 = Debug|Any CPU
		{8847590C-E9A8-4CF4-A298-C33593114492}.Release|Any CPU.ActiveCfg = Release|Any CPU
		{8847590C-E9A8-4CF4-A298-C33593114492}.Release|Any CPU.Build.0 = Release|Any CPU
		{26F0D47E-E63B-416E-882C-607FB1066BC0}.Debug|Any CPU.ActiveCfg = Debug|Any CPU
		{26F0D47E-E63B-416E-882C-607FB1066BC0}.Debug|Any CPU.Build.0 = Debug|Any CPU
		{26F0D47E-E63B-416E-882C-607FB1066BC0}.Release|Any CPU.ActiveCfg = Release|Any CPU
		{26F0D47E-E63B-416E-882C-607FB1066BC0}.Release|Any CPU.Build.0 = Release|Any CPU
	EndGlobalSection
	GlobalSection(SolutionProperties) = preSolution
		HideSolutionNode = FALSE
	EndGlobalSection
	GlobalSection(ExtensibilityGlobals) = postSolution
		SolutionGuid = {7AE57AC9-8F79-4277-9FEC-BBD6C95403EB}
	EndGlobalSection
EndGlobal
